
Microsoft Visual Studio Solution File, Format Version 12.00
# Visual Studio Version 16
VisualStudioVersion = 16.0.29025.244
MinimumVisualStudioVersion = 10.0.40219.1
Project("{FAE04EC0-301F-11D3-BF4B-00C04F79EFBC}") = "HandwrittenNumbersRecognition", "HandwrittenNumbersRecognition.csproj", "{1CF97188-DDAD-4F03-B117-8779FAFCFBDF}"
EndProject
Global
	GlobalSection(SolutionConfigurationPlatforms) = preSolution
		Debug|Any CPU = Debug|Any CPU
		Release|Any CPU = Release|Any CPU
	EndGlobalSection
	GlobalSection(ProjectConfigurationPlatforms) = postSolution
		{1CF97188-DDAD-4F03-B117-8779FAFCFBDF}.Debug|Any CPU.ActiveCfg = Debug|Any CPU
		{1CF97188-DDAD-4F03-B117-8779FAFCFBDF}.Debug|Any CPU.Build.0 = Debug|Any CPU
		{1CF97188-DDAD-4F03-B117-8779FAFCFBDF}.Release|Any CPU.ActiveCfg = Release|Any CPU
		{1CF97188-DDAD-4F03-B117-8779FAFCFBDF}.Release|Any CPU.Build.0 = Release|Any CPU
	EndGlobalSection
	GlobalSection(SolutionProperties) = preSolution
		HideSolutionNode = FALSE
	EndGlobalSection
	GlobalSection(ExtensibilityGlobals) = postSolution
		SolutionGuid = {75D17D43-CB9D-4258-8C4C-60E99142F4EE}
	EndGlobalSection
EndGlobal
